// !$*UTF8*$!
{
	archiveVersion = 1;
	classes = {
	};
	objectVersion = 50;
	objects = {

/* Begin PBXBuildFile section */
		890A37C2270F535500CDB6AD /* NetworkError.swift in Sources */ = {isa = PBXBuildFile; fileRef = 890A37C1270F535500CDB6AD /* NetworkError.swift */; };
		890A37C6270F735A00CDB6AD /* StoreInfo.swift in Sources */ = {isa = PBXBuildFile; fileRef = 890A37C5270F735A00CDB6AD /* StoreInfo.swift */; };
		890A37C8270F744100CDB6AD /* Product.swift in Sources */ = {isa = PBXBuildFile; fileRef = 890A37C7270F744100CDB6AD /* Product.swift */; };
		890A37CA270F74B500CDB6AD /* Order.swift in Sources */ = {isa = PBXBuildFile; fileRef = 890A37C9270F74B500CDB6AD /* Order.swift */; };
		89445A7027131EF900B1198B /* GlobalVariables.swift in Sources */ = {isa = PBXBuildFile; fileRef = 89445A6F27131EF900B1198B /* GlobalVariables.swift */; };
		89445A722713222A00B1198B /* TypeAliases.swift in Sources */ = {isa = PBXBuildFile; fileRef = 89445A712713222A00B1198B /* TypeAliases.swift */; };
		89445A742713233F00B1198B /* OrderSummaryViewController.swift in Sources */ = {isa = PBXBuildFile; fileRef = 89445A732713233F00B1198B /* OrderSummaryViewController.swift */; };
		89445A772713279C00B1198B /* OrderSummaryViewModel.swift in Sources */ = {isa = PBXBuildFile; fileRef = 89445A762713279C00B1198B /* OrderSummaryViewModel.swift */; };
		89445A7A271332AB00B1198B /* Constants.swift in Sources */ = {isa = PBXBuildFile; fileRef = 89445A79271332AB00B1198B /* Constants.swift */; };
		89445A7E2713673500B1198B /* OrderSummaryTableViewCell.swift in Sources */ = {isa = PBXBuildFile; fileRef = 89445A7C2713673500B1198B /* OrderSummaryTableViewCell.swift */; };
		89445A7F2713673500B1198B /* OrderSummaryTableViewCell.xib in Resources */ = {isa = PBXBuildFile; fileRef = 89445A7D2713673500B1198B /* OrderSummaryTableViewCell.xib */; };
		89445A8127136D4000B1198B /* UIView+ContextualActions.swift in Sources */ = {isa = PBXBuildFile; fileRef = 89445A8027136D4000B1198B /* UIView+ContextualActions.swift */; };
		89445A852713761600B1198B /* UIViewController+ContextualActions.swift in Sources */ = {isa = PBXBuildFile; fileRef = 89445A842713761500B1198B /* UIViewController+ContextualActions.swift */; };
		89445A8B2713887E00B1198B /* UIButton+ContextualActions.swift in Sources */ = {isa = PBXBuildFile; fileRef = 89445A8A2713887E00B1198B /* UIButton+ContextualActions.swift */; };
		895FAD222711BD7B00AA20A0 /* StoreInfoTableViewCell.swift in Sources */ = {isa = PBXBuildFile; fileRef = 895FAD202711BD7B00AA20A0 /* StoreInfoTableViewCell.swift */; };
		895FAD232711BD7B00AA20A0 /* StoreInfoTableViewCell.xib in Resources */ = {isa = PBXBuildFile; fileRef = 895FAD212711BD7B00AA20A0 /* StoreInfoTableViewCell.xib */; };
		895FAD272711C68300AA20A0 /* ProductCollectionViewCell.swift in Sources */ = {isa = PBXBuildFile; fileRef = 895FAD252711C68300AA20A0 /* ProductCollectionViewCell.swift */; };
		895FAD282711C68300AA20A0 /* ProductCollectionViewCell.xib in Resources */ = {isa = PBXBuildFile; fileRef = 895FAD262711C68300AA20A0 /* ProductCollectionViewCell.xib */; };
		895FAD2B2711CB5800AA20A0 /* ProductListTableViewCell.swift in Sources */ = {isa = PBXBuildFile; fileRef = 895FAD292711CB5800AA20A0 /* ProductListTableViewCell.swift */; };
		895FAD2C2711CB5800AA20A0 /* ProductListTableViewCell.xib in Resources */ = {isa = PBXBuildFile; fileRef = 895FAD2A2711CB5800AA20A0 /* ProductListTableViewCell.xib */; };
		895FAD2F2711DCA500AA20A0 /* ProductImageView.swift in Sources */ = {isa = PBXBuildFile; fileRef = 895FAD2E2711DCA500AA20A0 /* ProductImageView.swift */; };
		89760990270F35540002092B /* AppDelegate.swift in Sources */ = {isa = PBXBuildFile; fileRef = 8976098F270F35540002092B /* AppDelegate.swift */; };
		89760992270F35540002092B /* SceneDelegate.swift in Sources */ = {isa = PBXBuildFile; fileRef = 89760991270F35540002092B /* SceneDelegate.swift */; };
		89760994270F35540002092B /* ProductsViewController.swift in Sources */ = {isa = PBXBuildFile; fileRef = 89760993270F35540002092B /* ProductsViewController.swift */; };
		89760997270F35540002092B /* Main.storyboard in Resources */ = {isa = PBXBuildFile; fileRef = 89760995270F35540002092B /* Main.storyboard */; };
		89760999270F35580002092B /* Assets.xcassets in Resources */ = {isa = PBXBuildFile; fileRef = 89760998270F35580002092B /* Assets.xcassets */; };
		8976099C270F35580002092B /* LaunchScreen.storyboard in Resources */ = {isa = PBXBuildFile; fileRef = 8976099A270F35580002092B /* LaunchScreen.storyboard */; };
		897609A6270F3A6C0002092B /* Endpoint.swift in Sources */ = {isa = PBXBuildFile; fileRef = 897609A5270F3A6C0002092B /* Endpoint.swift */; };
		897609A8270F3C490002092B /* StoreEndpoint.swift in Sources */ = {isa = PBXBuildFile; fileRef = 897609A7270F3C490002092B /* StoreEndpoint.swift */; };
		897609AA270F40560002092B /* NetworkManager.swift in Sources */ = {isa = PBXBuildFile; fileRef = 897609A9270F40560002092B /* NetworkManager.swift */; };
		8985E8B62710DDF2001E70FB /* ProductsViewModel.swift in Sources */ = {isa = PBXBuildFile; fileRef = 8985E8B52710DDF2001E70FB /* ProductsViewModel.swift */; };
/* End PBXBuildFile section */

/* Begin PBXFileReference section */
		890A37C1270F535500CDB6AD /* NetworkError.swift */ = {isa = PBXFileReference; lastKnownFileType = sourcecode.swift; path = NetworkError.swift; sourceTree = "<group>"; };
		890A37C5270F735A00CDB6AD /* StoreInfo.swift */ = {isa = PBXFileReference; lastKnownFileType = sourcecode.swift; path = StoreInfo.swift; sourceTree = "<group>"; };
		890A37C7270F744100CDB6AD /* Product.swift */ = {isa = PBXFileReference; lastKnownFileType = sourcecode.swift; path = Product.swift; sourceTree = "<group>"; };
		890A37C9270F74B500CDB6AD /* Order.swift */ = {isa = PBXFileReference; lastKnownFileType = sourcecode.swift; path = Order.swift; sourceTree = "<group>"; };
		89445A6F27131EF900B1198B /* GlobalVariables.swift */ = {isa = PBXFileReference; lastKnownFileType = sourcecode.swift; path = GlobalVariables.swift; sourceTree = "<group>"; };
		89445A712713222A00B1198B /* TypeAliases.swift */ = {isa = PBXFileReference; lastKnownFileType = sourcecode.swift; path = TypeAliases.swift; sourceTree = "<group>"; };
		89445A732713233F00B1198B /* OrderSummaryViewController.swift */ = {isa = PBXFileReference; lastKnownFileType = sourcecode.swift; path = OrderSummaryViewController.swift; sourceTree = "<group>"; };
		89445A762713279C00B1198B /* OrderSummaryViewModel.swift */ = {isa = PBXFileReference; lastKnownFileType = sourcecode.swift; path = OrderSummaryViewModel.swift; sourceTree = "<group>"; };
		89445A79271332AB00B1198B /* Constants.swift */ = {isa = PBXFileReference; lastKnownFileType = sourcecode.swift; path = Constants.swift; sourceTree = "<group>"; };
		89445A7C2713673500B1198B /* OrderSummaryTableViewCell.swift */ = {isa = PBXFileReference; lastKnownFileType = sourcecode.swift; path = OrderSummaryTableViewCell.swift; sourceTree = "<group>"; };
		89445A7D2713673500B1198B /* OrderSummaryTableViewCell.xib */ = {isa = PBXFileReference; lastKnownFileType = file.xib; path = OrderSummaryTableViewCell.xib; sourceTree = "<group>"; };
		89445A8027136D4000B1198B /* UIView+ContextualActions.swift */ = {isa = PBXFileReference; lastKnownFileType = sourcecode.swift; path = "UIView+ContextualActions.swift"; sourceTree = "<group>"; };
		89445A842713761500B1198B /* UIViewController+ContextualActions.swift */ = {isa = PBXFileReference; lastKnownFileType = sourcecode.swift; path = "UIViewController+ContextualActions.swift"; sourceTree = "<group>"; };
		89445A8A2713887E00B1198B /* UIButton+ContextualActions.swift */ = {isa = PBXFileReference; lastKnownFileType = sourcecode.swift; path = "UIButton+ContextualActions.swift"; sourceTree = "<group>"; };
		895FAD202711BD7B00AA20A0 /* StoreInfoTableViewCell.swift */ = {isa = PBXFileReference; lastKnownFileType = sourcecode.swift; path = StoreInfoTableViewCell.swift; sourceTree = "<group>"; };
		895FAD212711BD7B00AA20A0 /* StoreInfoTableViewCell.xib */ = {isa = PBXFileReference; lastKnownFileType = file.xib; path = StoreInfoTableViewCell.xib; sourceTree = "<group>"; };
		895FAD252711C68300AA20A0 /* ProductCollectionViewCell.swift */ = {isa = PBXFileReference; lastKnownFileType = sourcecode.swift; path = ProductCollectionViewCell.swift; sourceTree = "<group>"; };
		895FAD262711C68300AA20A0 /* ProductCollectionViewCell.xib */ = {isa = PBXFileReference; lastKnownFileType = file.xib; path = ProductCollectionViewCell.xib; sourceTree = "<group>"; };
		895FAD292711CB5800AA20A0 /* ProductListTableViewCell.swift */ = {isa = PBXFileReference; lastKnownFileType = sourcecode.swift; path = ProductListTableViewCell.swift; sourceTree = "<group>"; };
		895FAD2A2711CB5800AA20A0 /* ProductListTableViewCell.xib */ = {isa = PBXFileReference; lastKnownFileType = file.xib; path = ProductListTableViewCell.xib; sourceTree = "<group>"; };
		895FAD2E2711DCA500AA20A0 /* ProductImageView.swift */ = {isa = PBXFileReference; lastKnownFileType = sourcecode.swift; path = ProductImageView.swift; sourceTree = "<group>"; };
		8976098C270F35530002092B /* ECommerce.app */ = {isa = PBXFileReference; explicitFileType = wrapper.application; includeInIndex = 0; path = ECommerce.app; sourceTree = BUILT_PRODUCTS_DIR; };
		8976098F270F35540002092B /* AppDelegate.swift */ = {isa = PBXFileReference; lastKnownFileType = sourcecode.swift; path = AppDelegate.swift; sourceTree = "<group>"; };
		89760991270F35540002092B /* SceneDelegate.swift */ = {isa = PBXFileReference; lastKnownFileType = sourcecode.swift; path = SceneDelegate.swift; sourceTree = "<group>"; };
		89760993270F35540002092B /* ProductsViewController.swift */ = {isa = PBXFileReference; lastKnownFileType = sourcecode.swift; path = ProductsViewController.swift; sourceTree = "<group>"; };
		89760996270F35540002092B /* Base */ = {isa = PBXFileReference; lastKnownFileType = file.storyboard; name = Base; path = Base.lproj/Main.storyboard; sourceTree = "<group>"; };
		89760998270F35580002092B /* Assets.xcassets */ = {isa = PBXFileReference; lastKnownFileType = folder.assetcatalog; path = Assets.xcassets; sourceTree = "<group>"; };
		8976099B270F35580002092B /* Base */ = {isa = PBXFileReference; lastKnownFileType = file.storyboard; name = Base; path = Base.lproj/LaunchScreen.storyboard; sourceTree = "<group>"; };
		8976099D270F35580002092B /* Info.plist */ = {isa = PBXFileReference; lastKnownFileType = text.plist.xml; path = Info.plist; sourceTree = "<group>"; };
		897609A5270F3A6C0002092B /* Endpoint.swift */ = {isa = PBXFileReference; lastKnownFileType = sourcecode.swift; path = Endpoint.swift; sourceTree = "<group>"; };
		897609A7270F3C490002092B /* StoreEndpoint.swift */ = {isa = PBXFileReference; lastKnownFileType = sourcecode.swift; path = StoreEndpoint.swift; sourceTree = "<group>"; };
		897609A9270F40560002092B /* NetworkManager.swift */ = {isa = PBXFileReference; lastKnownFileType = sourcecode.swift; path = NetworkManager.swift; sourceTree = "<group>"; };
		8985E8B52710DDF2001E70FB /* ProductsViewModel.swift */ = {isa = PBXFileReference; lastKnownFileType = sourcecode.swift; path = ProductsViewModel.swift; sourceTree = "<group>"; };
/* End PBXFileReference section */

/* Begin PBXFrameworksBuildPhase section */
		89760989270F35530002092B /* Frameworks */ = {
			isa = PBXFrameworksBuildPhase;
			buildActionMask = 2147483647;
			files = (
			);
			runOnlyForDeploymentPostprocessing = 0;
		};
/* End PBXFrameworksBuildPhase section */

/* Begin PBXGroup section */
		890A37C3270F6EF100CDB6AD /* Endpoints */ = {
			isa = PBXGroup;
			children = (
				897609A5270F3A6C0002092B /* Endpoint.swift */,
				897609A7270F3C490002092B /* StoreEndpoint.swift */,
			);
			path = Endpoints;
			sourceTree = "<group>";
		};
		890A37C4270F6F8B00CDB6AD /* Model */ = {
			isa = PBXGroup;
			children = (
				890A37C5270F735A00CDB6AD /* StoreInfo.swift */,
				890A37C7270F744100CDB6AD /* Product.swift */,
				890A37C9270F74B500CDB6AD /* Order.swift */,
			);
			path = Model;
			sourceTree = "<group>";
		};
		89445A6E27131EE200B1198B /* Common */ = {
			isa = PBXGroup;
			children = (
				89445A6F27131EF900B1198B /* GlobalVariables.swift */,
				89445A712713222A00B1198B /* TypeAliases.swift */,
				89445A79271332AB00B1198B /* Constants.swift */,
			);
			path = Common;
			sourceTree = "<group>";
		};
		89445A752713278700B1198B /* ViewModel */ = {
			isa = PBXGroup;
			children = (
				89445A762713279C00B1198B /* OrderSummaryViewModel.swift */,
			);
			path = ViewModel;
			sourceTree = "<group>";
		};
		89445A782713307900B1198B /* Extensions */ = {
			isa = PBXGroup;
			children = (
				89445A8027136D4000B1198B /* UIView+ContextualActions.swift */,
				89445A842713761500B1198B /* UIViewController+ContextualActions.swift */,
				89445A8A2713887E00B1198B /* UIButton+ContextualActions.swift */,
			);
			path = Extensions;
			sourceTree = "<group>";
		};
		89445A7B271366FD00B1198B /* TableViewCells */ = {
			isa = PBXGroup;
			children = (
				89445A7C2713673500B1198B /* OrderSummaryTableViewCell.swift */,
				89445A7D2713673500B1198B /* OrderSummaryTableViewCell.xib */,
			);
			path = TableViewCells;
			sourceTree = "<group>";
		};
		895FAD1F2711BD5800AA20A0 /* TableViewCells */ = {
			isa = PBXGroup;
			children = (
				895FAD202711BD7B00AA20A0 /* StoreInfoTableViewCell.swift */,
				895FAD212711BD7B00AA20A0 /* StoreInfoTableViewCell.xib */,
				895FAD292711CB5800AA20A0 /* ProductListTableViewCell.swift */,
				895FAD2A2711CB5800AA20A0 /* ProductListTableViewCell.xib */,
			);
			path = TableViewCells;
			sourceTree = "<group>";
		};
		895FAD242711C65F00AA20A0 /* CollectionViewCells */ = {
			isa = PBXGroup;
			children = (
				895FAD252711C68300AA20A0 /* ProductCollectionViewCell.swift */,
				895FAD262711C68300AA20A0 /* ProductCollectionViewCell.xib */,
			);
			path = CollectionViewCells;
			sourceTree = "<group>";
		};
		895FAD2D2711DC8800AA20A0 /* Helpers */ = {
			isa = PBXGroup;
			children = (
				895FAD2E2711DCA500AA20A0 /* ProductImageView.swift */,
			);
			path = Helpers;
			sourceTree = "<group>";
		};
		89760983270F35530002092B = {
			isa = PBXGroup;
			children = (
				8976098E270F35540002092B /* ECommerce */,
				8976098D270F35530002092B /* Products */,
			);
			sourceTree = "<group>";
		};
		8976098D270F35530002092B /* Products */ = {
			isa = PBXGroup;
			children = (
				8976098C270F35530002092B /* ECommerce.app */,
			);
			name = Products;
			sourceTree = "<group>";
		};
		8976098E270F35540002092B /* ECommerce */ = {
			isa = PBXGroup;
			children = (
				89445A782713307900B1198B /* Extensions */,
				89445A6E27131EE200B1198B /* Common */,
				895FAD2D2711DC8800AA20A0 /* Helpers */,
				8985E8B02710DC0F001E70FB /* Screens */,
				890A37C4270F6F8B00CDB6AD /* Model */,
				897609A3270F35630002092B /* Networking */,
				8976098F270F35540002092B /* AppDelegate.swift */,
				89760991270F35540002092B /* SceneDelegate.swift */,
				89760995270F35540002092B /* Main.storyboard */,
				89760998270F35580002092B /* Assets.xcassets */,
				8976099A270F35580002092B /* LaunchScreen.storyboard */,
				8976099D270F35580002092B /* Info.plist */,
			);
			path = ECommerce;
			sourceTree = "<group>";
		};
		897609A3270F35630002092B /* Networking */ = {
			isa = PBXGroup;
			children = (
				890A37C3270F6EF100CDB6AD /* Endpoints */,
				897609A9270F40560002092B /* NetworkManager.swift */,
				890A37C1270F535500CDB6AD /* NetworkError.swift */,
			);
			path = Networking;
			sourceTree = "<group>";
		};
		8985E8B02710DC0F001E70FB /* Screens */ = {
			isa = PBXGroup;
			children = (
				8985E8B32710DC62001E70FB /* Success */,
				8985E8B22710DC37001E70FB /* OrderSummary */,
				8985E8B12710DC2D001E70FB /* Products */,
			);
			path = Screens;
			sourceTree = "<group>";
		};
		8985E8B12710DC2D001E70FB /* Products */ = {
			isa = PBXGroup;
			children = (
				895FAD242711C65F00AA20A0 /* CollectionViewCells */,
				895FAD1F2711BD5800AA20A0 /* TableViewCells */,
				8985E8B42710DD6D001E70FB /* ViewModel */,
				89760993270F35540002092B /* ProductsViewController.swift */,
			);
			path = Products;
			sourceTree = "<group>";
		};
		8985E8B22710DC37001E70FB /* OrderSummary */ = {
			isa = PBXGroup;
			children = (
				89445A7B271366FD00B1198B /* TableViewCells */,
				89445A752713278700B1198B /* ViewModel */,
				89445A732713233F00B1198B /* OrderSummaryViewController.swift */,
			);
			path = OrderSummary;
			sourceTree = "<group>";
		};
		8985E8B32710DC62001E70FB /* Success */ = {
			isa = PBXGroup;
			children = (
			);
			path = Success;
			sourceTree = "<group>";
		};
		8985E8B42710DD6D001E70FB /* ViewModel */ = {
			isa = PBXGroup;
			children = (
				8985E8B52710DDF2001E70FB /* ProductsViewModel.swift */,
			);
			path = ViewModel;
			sourceTree = "<group>";
		};
/* End PBXGroup section */

/* Begin PBXNativeTarget section */
		8976098B270F35530002092B /* ECommerce */ = {
			isa = PBXNativeTarget;
			buildConfigurationList = 897609A0270F35580002092B /* Build configuration list for PBXNativeTarget "ECommerce" */;
			buildPhases = (
				89760988270F35530002092B /* Sources */,
				89760989270F35530002092B /* Frameworks */,
				8976098A270F35530002092B /* Resources */,
			);
			buildRules = (
			);
			dependencies = (
			);
			name = ECommerce;
			productName = ECommerce;
			productReference = 8976098C270F35530002092B /* ECommerce.app */;
			productType = "com.apple.product-type.application";
		};
/* End PBXNativeTarget section */

/* Begin PBXProject section */
		89760984270F35530002092B /* Project object */ = {
			isa = PBXProject;
			attributes = {
				LastSwiftUpdateCheck = 1250;
				LastUpgradeCheck = 1250;
				TargetAttributes = {
					8976098B270F35530002092B = {
						CreatedOnToolsVersion = 12.5.1;
					};
				};
			};
			buildConfigurationList = 89760987270F35530002092B /* Build configuration list for PBXProject "ECommerce" */;
			compatibilityVersion = "Xcode 9.3";
			developmentRegion = en;
			hasScannedForEncodings = 0;
			knownRegions = (
				en,
				Base,
			);
			mainGroup = 89760983270F35530002092B;
			productRefGroup = 8976098D270F35530002092B /* Products */;
			projectDirPath = "";
			projectRoot = "";
			targets = (
				8976098B270F35530002092B /* ECommerce */,
			);
		};
/* End PBXProject section */

/* Begin PBXResourcesBuildPhase section */
		8976098A270F35530002092B /* Resources */ = {
			isa = PBXResourcesBuildPhase;
			buildActionMask = 2147483647;
			files = (
				895FAD232711BD7B00AA20A0 /* StoreInfoTableViewCell.xib in Resources */,
				895FAD2C2711CB5800AA20A0 /* ProductListTableViewCell.xib in Resources */,
				8976099C270F35580002092B /* LaunchScreen.storyboard in Resources */,
				895FAD282711C68300AA20A0 /* ProductCollectionViewCell.xib in Resources */,
				89445A7F2713673500B1198B /* OrderSummaryTableViewCell.xib in Resources */,
				89760999270F35580002092B /* Assets.xcassets in Resources */,
				89760997270F35540002092B /* Main.storyboard in Resources */,
			);
			runOnlyForDeploymentPostprocessing = 0;
		};
/* End PBXResourcesBuildPhase section */

/* Begin PBXSourcesBuildPhase section */
		89760988270F35530002092B /* Sources */ = {
			isa = PBXSourcesBuildPhase;
			buildActionMask = 2147483647;
			files = (
				897609AA270F40560002092B /* NetworkManager.swift in Sources */,
				895FAD2B2711CB5800AA20A0 /* ProductListTableViewCell.swift in Sources */,
				89445A8127136D4000B1198B /* UIView+ContextualActions.swift in Sources */,
				895FAD2F2711DCA500AA20A0 /* ProductImageView.swift in Sources */,
				895FAD222711BD7B00AA20A0 /* StoreInfoTableViewCell.swift in Sources */,
				8985E8B62710DDF2001E70FB /* ProductsViewModel.swift in Sources */,
				89445A7E2713673500B1198B /* OrderSummaryTableViewCell.swift in Sources */,
				890A37C2270F535500CDB6AD /* NetworkError.swift in Sources */,
				89445A8B2713887E00B1198B /* UIButton+ContextualActions.swift in Sources */,
				89445A742713233F00B1198B /* OrderSummaryViewController.swift in Sources */,
				890A37CA270F74B500CDB6AD /* Order.swift in Sources */,
				89445A7027131EF900B1198B /* GlobalVariables.swift in Sources */,
				890A37C8270F744100CDB6AD /* Product.swift in Sources */,
				895FAD272711C68300AA20A0 /* ProductCollectionViewCell.swift in Sources */,
				89760994270F35540002092B /* ProductsViewController.swift in Sources */,
				890A37C6270F735A00CDB6AD /* StoreInfo.swift in Sources */,
				89760990270F35540002092B /* AppDelegate.swift in Sources */,
				897609A6270F3A6C0002092B /* Endpoint.swift in Sources */,
				89445A7A271332AB00B1198B /* Constants.swift in Sources */,
				897609A8270F3C490002092B /* StoreEndpoint.swift in Sources */,
				89445A852713761600B1198B /* UIViewController+ContextualActions.swift in Sources */,
				89760992270F35540002092B /* SceneDelegate.swift in Sources */,
				89445A772713279C00B1198B /* OrderSummaryViewModel.swift in Sources */,
				89445A722713222A00B1198B /* TypeAliases.swift in Sources */,
			);
			runOnlyForDeploymentPostprocessing = 0;
		};
/* End PBXSourcesBuildPhase section */

/* Begin PBXVariantGroup section */
		89760995270F35540002092B /* Main.storyboard */ = {
			isa = PBXVariantGroup;
			children = (
				89760996270F35540002092B /* Base */,
			);
			name = Main.storyboard;
			sourceTree = "<group>";
		};
		8976099A270F35580002092B /* LaunchScreen.storyboard */ = {
			isa = PBXVariantGroup;
			children = (
				8976099B270F35580002092B /* Base */,
			);
			name = LaunchScreen.storyboard;
			sourceTree = "<group>";
		};
/* End PBXVariantGroup section */

/* Begin XCBuildConfiguration section */
		8976099E270F35580002092B /* Debug */ = {
			isa = XCBuildConfiguration;
			buildSettings = {
				ALWAYS_SEARCH_USER_PATHS = NO;
				CLANG_ANALYZER_NONNULL = YES;
				CLANG_ANALYZER_NUMBER_OBJECT_CONVERSION = YES_AGGRESSIVE;
				CLANG_CXX_LANGUAGE_STANDARD = "gnu++14";
				CLANG_CXX_LIBRARY = "libc++";
				CLANG_ENABLE_MODULES = YES;
				CLANG_ENABLE_OBJC_ARC = YES;
				CLANG_ENABLE_OBJC_WEAK = YES;
				CLANG_WARN_BLOCK_CAPTURE_AUTORELEASING = YES;
				CLANG_WARN_BOOL_CONVERSION = YES;
				CLANG_WARN_COMMA = YES;
				CLANG_WARN_CONSTANT_CONVERSION = YES;
				CLANG_WARN_DEPRECATED_OBJC_IMPLEMENTATIONS = YES;
				CLANG_WARN_DIRECT_OBJC_ISA_USAGE = YES_ERROR;
				CLANG_WARN_DOCUMENTATION_COMMENTS = YES;
				CLANG_WARN_EMPTY_BODY = YES;
				CLANG_WARN_ENUM_CONVERSION = YES;
				CLANG_WARN_INFINITE_RECURSION = YES;
				CLANG_WARN_INT_CONVERSION = YES;
				CLANG_WARN_NON_LITERAL_NULL_CONVERSION = YES;
				CLANG_WARN_OBJC_IMPLICIT_RETAIN_SELF = YES;
				CLANG_WARN_OBJC_LITERAL_CONVERSION = YES;
				CLANG_WARN_OBJC_ROOT_CLASS = YES_ERROR;
				CLANG_WARN_QUOTED_INCLUDE_IN_FRAMEWORK_HEADER = YES;
				CLANG_WARN_RANGE_LOOP_ANALYSIS = YES;
				CLANG_WARN_STRICT_PROTOTYPES = YES;
				CLANG_WARN_SUSPICIOUS_MOVE = YES;
				CLANG_WARN_UNGUARDED_AVAILABILITY = YES_AGGRESSIVE;
				CLANG_WARN_UNREACHABLE_CODE = YES;
				CLANG_WARN__DUPLICATE_METHOD_MATCH = YES;
				COPY_PHASE_STRIP = NO;
				DEBUG_INFORMATION_FORMAT = dwarf;
				ENABLE_STRICT_OBJC_MSGSEND = YES;
				ENABLE_TESTABILITY = YES;
				GCC_C_LANGUAGE_STANDARD = gnu11;
				GCC_DYNAMIC_NO_PIC = NO;
				GCC_NO_COMMON_BLOCKS = YES;
				GCC_OPTIMIZATION_LEVEL = 0;
				GCC_PREPROCESSOR_DEFINITIONS = (
					"DEBUG=1",
					"$(inherited)",
				);
				GCC_WARN_64_TO_32_BIT_CONVERSION = YES;
				GCC_WARN_ABOUT_RETURN_TYPE = YES_ERROR;
				GCC_WARN_UNDECLARED_SELECTOR = YES;
				GCC_WARN_UNINITIALIZED_AUTOS = YES_AGGRESSIVE;
				GCC_WARN_UNUSED_FUNCTION = YES;
				GCC_WARN_UNUSED_VARIABLE = YES;
				IPHONEOS_DEPLOYMENT_TARGET = 14.5;
				MTL_ENABLE_DEBUG_INFO = INCLUDE_SOURCE;
				MTL_FAST_MATH = YES;
				ONLY_ACTIVE_ARCH = YES;
				SDKROOT = iphoneos;
				SWIFT_ACTIVE_COMPILATION_CONDITIONS = DEBUG;
				SWIFT_OPTIMIZATION_LEVEL = "-Onone";
			};
			name = Debug;
		};
		8976099F270F35580002092B /* Release */ = {
			isa = XCBuildConfiguration;
			buildSettings = {
				ALWAYS_SEARCH_USER_PATHS = NO;
				CLANG_ANALYZER_NONNULL = YES;
				CLANG_ANALYZER_NUMBER_OBJECT_CONVERSION = YES_AGGRESSIVE;
				CLANG_CXX_LANGUAGE_STANDARD = "gnu++14";
				CLANG_CXX_LIBRARY = "libc++";
				CLANG_ENABLE_MODULES = YES;
				CLANG_ENABLE_OBJC_ARC = YES;
				CLANG_ENABLE_OBJC_WEAK = YES;
				CLANG_WARN_BLOCK_CAPTURE_AUTORELEASING = YES;
				CLANG_WARN_BOOL_CONVERSION = YES;
				CLANG_WARN_COMMA = YES;
				CLANG_WARN_CONSTANT_CONVERSION = YES;
				CLANG_WARN_DEPRECATED_OBJC_IMPLEMENTATIONS = YES;
				CLANG_WARN_DIRECT_OBJC_ISA_USAGE = YES_ERROR;
				CLANG_WARN_DOCUMENTATION_COMMENTS = YES;
				CLANG_WARN_EMPTY_BODY = YES;
				CLANG_WARN_ENUM_CONVERSION = YES;
				CLANG_WARN_INFINITE_RECURSION = YES;
				CLANG_WARN_INT_CONVERSION = YES;
				CLANG_WARN_NON_LITERAL_NULL_CONVERSION = YES;
				CLANG_WARN_OBJC_IMPLICIT_RETAIN_SELF = YES;
				CLANG_WARN_OBJC_LITERAL_CONVERSION = YES;
				CLANG_WARN_OBJC_ROOT_CLASS = YES_ERROR;
				CLANG_WARN_QUOTED_INCLUDE_IN_FRAMEWORK_HEADER = YES;
				CLANG_WARN_RANGE_LOOP_ANALYSIS = YES;
				CLANG_WARN_STRICT_PROTOTYPES = YES;
				CLANG_WARN_SUSPICIOUS_MOVE = YES;
				CLANG_WARN_UNGUARDED_AVAILABILITY = YES_AGGRESSIVE;
				CLANG_WARN_UNREACHABLE_CODE = YES;
				CLANG_WARN__DUPLICATE_METHOD_MATCH = YES;
				COPY_PHASE_STRIP = NO;
				DEBUG_INFORMATION_FORMAT = "dwarf-with-dsym";
				ENABLE_NS_ASSERTIONS = NO;
				ENABLE_STRICT_OBJC_MSGSEND = YES;
				GCC_C_LANGUAGE_STANDARD = gnu11;
				GCC_NO_COMMON_BLOCKS = YES;
				GCC_WARN_64_TO_32_BIT_CONVERSION = YES;
				GCC_WARN_ABOUT_RETURN_TYPE = YES_ERROR;
				GCC_WARN_UNDECLARED_SELECTOR = YES;
				GCC_WARN_UNINITIALIZED_AUTOS = YES_AGGRESSIVE;
				GCC_WARN_UNUSED_FUNCTION = YES;
				GCC_WARN_UNUSED_VARIABLE = YES;
				IPHONEOS_DEPLOYMENT_TARGET = 14.5;
				MTL_ENABLE_DEBUG_INFO = NO;
				MTL_FAST_MATH = YES;
				SDKROOT = iphoneos;
				SWIFT_COMPILATION_MODE = wholemodule;
				SWIFT_OPTIMIZATION_LEVEL = "-O";
				VALIDATE_PRODUCT = YES;
			};
			name = Release;
		};
		897609A1270F35580002092B /* Debug */ = {
			isa = XCBuildConfiguration;
			buildSettings = {
				ASSETCATALOG_COMPILER_APPICON_NAME = AppIcon;
				ASSETCATALOG_COMPILER_GLOBAL_ACCENT_COLOR_NAME = AccentColor;
				CODE_SIGN_STYLE = Automatic;
				DEVELOPMENT_TEAM = DZF7Q8NQBJ;
				INFOPLIST_FILE = ECommerce/Info.plist;
				LD_RUNPATH_SEARCH_PATHS = (
					"$(inherited)",
					"@executable_path/Frameworks",
				);
				PRODUCT_BUNDLE_IDENTIFIER = com.myteam.ECommerce;
				PRODUCT_NAME = "$(TARGET_NAME)";
				SWIFT_VERSION = 5.0;
				TARGETED_DEVICE_FAMILY = "1,2";
			};
			name = Debug;
		};
		897609A2270F35580002092B /* Release */ = {
			isa = XCBuildConfiguration;
			buildSettings = {
				ASSETCATALOG_COMPILER_APPICON_NAME = AppIcon;
				ASSETCATALOG_COMPILER_GLOBAL_ACCENT_COLOR_NAME = AccentColor;
				CODE_SIGN_STYLE = Automatic;
				DEVELOPMENT_TEAM = DZF7Q8NQBJ;
				INFOPLIST_FILE = ECommerce/Info.plist;
				LD_RUNPATH_SEARCH_PATHS = (
					"$(inherited)",
					"@executable_path/Frameworks",
				);
				PRODUCT_BUNDLE_IDENTIFIER = com.myteam.ECommerce;
				PRODUCT_NAME = "$(TARGET_NAME)";
				SWIFT_VERSION = 5.0;
				TARGETED_DEVICE_FAMILY = "1,2";
			};
			name = Release;
		};
/* End XCBuildConfiguration section */

/* Begin XCConfigurationList section */
		89760987270F35530002092B /* Build configuration list for PBXProject "ECommerce" */ = {
			isa = XCConfigurationList;
			buildConfigurations = (
				8976099E270F35580002092B /* Debug */,
				8976099F270F35580002092B /* Release */,
			);
			defaultConfigurationIsVisible = 0;
			defaultConfigurationName = Release;
		};
		897609A0270F35580002092B /* Build configuration list for PBXNativeTarget "ECommerce" */ = {
			isa = XCConfigurationList;
			buildConfigurations = (
				897609A1270F35580002092B /* Debug */,
				897609A2270F35580002092B /* Release */,
			);
			defaultConfigurationIsVisible = 0;
			defaultConfigurationName = Release;
		};
/* End XCConfigurationList section */
	};
	rootObject = 89760984270F35530002092B /* Project object */;
}
